
Microsoft Visual Studio Solution File, Format Version 12.00
# Visual Studio Version 17
VisualStudioVersion = 17.14.36408.4
MinimumVisualStudioVersion = 10.0.40219.1
Project("{FAE04EC0-301F-11D3-BF4B-00C04F79EFBC}") = "InternshipTracker", "InternshipTracker\InternshipTracker.csproj", "{58ABD056-5EB2-43B4-A51F-3885323D6A2F}"
EndProject
Global
	GlobalSection(SolutionConfigurationPlatforms) = preSolution
		Debug|Any CPU = Debug|Any CPU
		Release|Any CPU = Release|Any CPU
	EndGlobalSection
	GlobalSection(ProjectConfigurationPlatforms) = postSolution
		{58ABD056-5EB2-43B4-A51F-3885323D6A2F}.Debug|Any CPU.ActiveCfg = Debug|Any CPU
		{58ABD056-5EB2-43B4-A51F-3885323D6A2F}.Debug|Any CPU.Build.0 = Debug|Any CPU
		{58ABD056-5EB2-43B4-A51F-3885323D6A2F}.Release|Any CPU.ActiveCfg = Release|Any CPU
		{58ABD056-5EB2-43B4-A51F-3885323D6A2F}.Release|Any CPU.Build.0 = Release|Any CPU
	EndGlobalSection
	GlobalSection(SolutionProperties) = preSolution
		HideSolutionNode = FALSE
	EndGlobalSection
	GlobalSection(ExtensibilityGlobals) = postSolution
		SolutionGuid = {9F1D4374-2541-470C-B72A-82C2809E9ABC}
	EndGlobalSection
EndGlobal
